NeoBundleLock auto-pairs 1b3a1efb078fdf74d4013308b63de57dfda0cc8e
NeoBundleLock closetag.vim a52525b7220bb28309d1905108e9e8914fdb4112
NeoBundleLock cosco.vim 38f1aefa94410849f3cb02f4756dbe307255a16c
NeoBundleLock css.vim 49d7c44e73ade0829b0648d3e17e6850ae0335df
NeoBundleLock ctrlp-py-matcher 3624f3a085681f787f1f9b7a8a24d4bed395acf1
NeoBundleLock ctrlp.vim c410d8452a6e2bf60199106f99223a9f34f84878
NeoBundleLock deoplete.nvim 9a42223de27cc3ec776073487ac99aec5fb9d0ee
NeoBundleLock emmet-vim d7b70c656a54ff9fcf9697f98d8d45d2368c4072
NeoBundleLock html5-syntax.vim fdbd5b331dbdbd6e05aacf002824b6ce6ecf163b
NeoBundleLock html5.vim 6c1ac5d5f458cdd38f57d9e0617d9a0df482a317
NeoBundleLock indentLine 86b9824b89cf52d4b748ea2a27885607c98c881a
NeoBundleLock javascript-libraries-syntax.vim ffbf147ace5f535d3005a15ca1029782f9f90894
NeoBundleLock neobundle.vim 88951d60547595606ea0ca8f28f643d2506f2714
NeoBundleLock neomake 795e82629d6d44295b83bc4fa0014440eae148c7
NeoBundleLock nerdcommenter 97cb982f1f0d0631b34b71b065e162916bee4036
NeoBundleLock scratch.vim 1644a567c103c71e2f91bc9a362e906c515d6e4a
NeoBundleLock scss-syntax.vim 4461789d02f81fd328afbdf27d6404b6c763c25f
NeoBundleLock tabular 00e1e7fcdbc6d753e0bc8043e0d2546fa81bf367
NeoBundleLock tern_for_vim 34c516a783b54f2068674ffd581c0f82b8b48bf5
NeoBundleLock typescript-vim 7e25a901af7cd993498cc9ecfc833ca2ac21db7a
NeoBundleLock ultisnips 71c39721de9cb2d67478e8b8c1a543e006fb67df
NeoBundleLock vim-airline 516870bf9f17ffa8c3ac16b98684cb1baa18b46e
NeoBundleLock vim-airline-themes e03e9f62d25f9afb04c88ec6ca66cf2098242016
NeoBundleLock vim-buffergator c07d16dd3df10bbb5adc3e9b009e341bfa1f673e
NeoBundleLock vim-bufkill 63f992f41eab6bcf050e741508d9af2f65d5f081
NeoBundleLock vim-coffee-script b91dbe92ad794a85a03b089f384fa324ff4e0c3d
NeoBundleLock vim-colors-solarized 528a59f26d12278698bb946f8fb82a63711eec21
NeoBundleLock vim-css-color 27903efc1b5330230d5c8c336c26ac7a8ac2e5dc
NeoBundleLock vim-css3-syntax c55366841969a143703cfe9f1c1809ab20218e99
NeoBundleLock vim-easymotion 11632455de8caa40f264501df8f0a3e249cf0595
NeoBundleLock vim-fugitive 58ed86e434951319ff7d438fb1096f24a51e6458
NeoBundleLock vim-gitgutter 1742a8f568df549f4daeda90174b54d0c371501f
NeoBundleLock vim-instant-markdown 24960b3ceef0af29d3280bb2289ade9f67429e4e
NeoBundleLock vim-javascript 997c2b12f5fffedd3a787b8840dfe710b2e6d3f9
NeoBundleLock vim-jsx eb656ed96435ccf985668ebd7bb6ceb34b736213
NeoBundleLock vim-markdown 42199ee8f56ce0befc776f4c6a34e6c68a1b0916
NeoBundleLock vim-mustache-handlebars d1c983f3dd9a159c128c5192062caf7d47fd0f14
NeoBundleLock vim-polymer 95ea042f6e57e6cb3a77a1b05e737c1d1d296930
NeoBundleLock vim-repeat 7a6675f092842c8f81e71d5345bd7cdbf3759415
NeoBundleLock vim-surround e49d6c2459e0f5569ff2d533b4df995dd7f98313
NeoBundleLock vim-unimpaired 11dc568dbfd7a56866a4354c737515769f08e9fe
NeoBundleLock vim-vinegar bd7f7b7929260072864462c04dde3b9f4c5e0d23
NeoBundleLock vimtex c1dabd446f2419d20d2a79e16b7abbba3d51ed82
