NeoBundleLock auto-pairs b647ef54cd2d991d5221b97fb5dbb3c0477fdc64
NeoBundleLock closetag.vim a52525b7220bb28309d1905108e9e8914fdb4112
NeoBundleLock cosco.vim dfbd187b20401f636e9cacd008f876ce190b32ca
NeoBundleLock css.vim f501cd542fbb887111af987a7d9d7cf3c30a9e16
NeoBundleLock ctrlp-py-matcher b7fe8f2c9123e5b39d711de096ce9245677b72bd
NeoBundleLock ctrlp.vim 564176f01d7f3f7f8ab452ff4e1f5314de7b0981
NeoBundleLock deoplete.nvim ecc88f60bacf755ec862f19ae6b5100670a60f7c
NeoBundleLock emmet-vim c7901281374eacc91da9f9db42d0d32cd89ad343
NeoBundleLock html5-syntax.vim fdbd5b331dbdbd6e05aacf002824b6ce6ecf163b
NeoBundleLock html5.vim ad38231df6845562f569512fd250c5660aadeb64
NeoBundleLock indentLine 87a29facd8fbaffd4db3972bb555cfe51f2bac42
NeoBundleLock javascript-libraries-syntax.vim e2bb72f7f7bd7c4ecf6867ef28ec5c3c3f938298
NeoBundleLock neobundle.vim 0541b3becbb796a3a4c58c91620cde664527179b
NeoBundleLock neomake d4c0a6f062a0d098126e87bb718b92fe7b79fd97
NeoBundleLock nerdcommenter 1f4bfd59920c101a30a74a07b824608a6e65f3fe
NeoBundleLock scratch.vim 3f969e6ce68ca37c3ea66d7e4dcac1f09a2232dc
NeoBundleLock scss-syntax.vim a834e4357dd91252b507a6893ef19e8d932c5f83
NeoBundleLock supertab 9f7da6d4988daf863ebc414f221bb12c2614f59e
NeoBundleLock tabular 60f25648814f0695eeb6c1040d97adca93c4e0bb
NeoBundleLock tern_for_vim a26106b42f41edcd8bcd40d750f30339ec37f41c
NeoBundleLock typescript-vim a9c533386776d831f8098e66f2d0b43dfd42b06b
NeoBundleLock ultisnips dbd43ad27cbfed14c9dc3de6d5acb5f4edb8f649
NeoBundleLock vim-airline 14d14cf951c08fc88ca6c3e6f28fe47b99421e23
NeoBundleLock vim-buffergator ab5ef1a2c3b5076204ed3ee1601fcedda379967b
NeoBundleLock vim-bufkill ba8b5701bde1a50b64b5e6bcaf5698e5655c8c0b
NeoBundleLock vim-coffee-script 32fe889b8cafd3a4921ef8e6485156453ff58c42
NeoBundleLock vim-colors-solarized 528a59f26d12278698bb946f8fb82a63711eec21
NeoBundleLock vim-css-color 7ad79c7b77bd83296d7a10e596860d9269070207
NeoBundleLock vim-css3-syntax dc363c34d348842ae82cd1f1d00663d7a600b88d
NeoBundleLock vim-easymotion a21d4474f0e9df7a721246e0a3b386068901965f
NeoBundleLock vim-fugitive 8851b8fe643517af160f59dfc3d88a0c4eed1fa5
NeoBundleLock vim-gitgutter f52f875fc7b25b601366bd6c0d67c53ad84f9559
NeoBundleLock vim-instant-markdown 915c6812d45c00e5ad85c8147c6179743a41ae11
NeoBundleLock vim-javascript 1d8c2677d26d6b3950b90dc1636e63334c8efc3b
NeoBundleLock vim-jsx db329e121e281b79f19fc81ca641cf3a6209d8d2
NeoBundleLock vim-markdown 42199ee8f56ce0befc776f4c6a34e6c68a1b0916
NeoBundleLock vim-mustache-handlebars d1c983f3dd9a159c128c5192062caf7d47fd0f14
NeoBundleLock vim-repeat 7a6675f092842c8f81e71d5345bd7cdbf3759415
NeoBundleLock vim-surround 2d05440ad23f97a7874ebd9b5de3a0e65d25d85c
NeoBundleLock vim-unimpaired 23f471ad0f00e2fab097f9d67ffd770881d4b35a
NeoBundleLock vim-vinegar a5f776c97c56ca305da520c2a83bd9246d0b48f5
NeoBundleLock zoomwintab.vim 01b407a8b382b0d1036233e0421f657fa835aa6e
