NeoBundleLock ale 5bbe77101db18968fde65210956e54750d7ff4f5
NeoBundleLock auto-pairs 9086ce897a616d78baf69ddb07ad557c5ceb1d7c
NeoBundleLock closetag.vim a52525b7220bb28309d1905108e9e8914fdb4112
NeoBundleLock cosco.vim 5752622192d9b27b3a5a274a5455613b56df6386
NeoBundleLock css.vim a167ad37b13d14125e569dc18866ca1beaf83a73
NeoBundleLock ctrlp-py-matcher cf63fd546f1e80dd4db3db96afbeaad301d21f13
NeoBundleLock ctrlp.vim e953ee7a80dc96cd00c20ed6fe82e0e817d977ff
NeoBundleLock deoplete-ternjs 185b01109fac17ad7e56ce542df6d689e94f65a6
NeoBundleLock deoplete.nvim 53aa6cca2be8af630f23020471d7708563032aa3
NeoBundleLock emmet-vim e6fb10d22a9bd2a02c386c81486a065e71c6a92d
NeoBundleLock html5-syntax.vim fdbd5b331dbdbd6e05aacf002824b6ce6ecf163b
NeoBundleLock html5.vim 3db896baa26839b866db3db5d8997cc830874a24
NeoBundleLock indentLine 88b6f92fec8c0f7cf208908d6ea26efae5f18367
NeoBundleLock javascript-libraries-syntax.vim 5ef435d8c28ebc3c9b52fb865f4c06db629857f7
NeoBundleLock neobundle.vim 1306c131ff0a6cc094b7ff0727350e442b5427f1
NeoBundleLock nerdcommenter 371e4d0e099abb86a3016fefd1efae28a4e13856
NeoBundleLock nvim-typescript 973188f0d3075e2a17ed64c42b05d6ceb976492c
NeoBundleLock scratch.vim 6df617ebc0695bd9839a4fe365a08df13d24bc05
NeoBundleLock scss-syntax.vim a0a7ad3a8c2e51e1201ec66a87fa897baa9324f8
NeoBundleLock tabular 00e1e7fcdbc6d753e0bc8043e0d2546fa81bf367
NeoBundleLock ultisnips 6fdc3647f72e0a1f321ea6bd092ecd01f7c187ba
NeoBundleLock vim-airline 72888d87ea57761f21c9f67cd0c0faa5904795eb
NeoBundleLock vim-airline-themes 3bfe1d00d48f7c35b7c0dd7af86229c9e63e14a9
NeoBundleLock vim-buffergator 947b60dca4d4fc6a041a6ec84b17ca6736d1b916
NeoBundleLock vim-bufkill 795dd38f3cff69d0d8fe9e71847907e200860959
NeoBundleLock vim-coffee-script 9e3b4de2a476caeb6ff21b5da20966d7c67a98bb
NeoBundleLock vim-colors-solarized 528a59f26d12278698bb946f8fb82a63711eec21
NeoBundleLock vim-css-color 8d640e4c5d89dde55ef79d43fee1c8ecd12495b9
NeoBundleLock vim-css3-syntax d7f0f43dfcd53f2ceb4ca1320b3050b9f6c0edfb
NeoBundleLock vim-easymotion 1a0244c90c3ff46219cf9597bb13662be4232407
NeoBundleLock vim-ember-hbs f65b5068e526839d4430e09c3aa9b5a93e1ff6e4
NeoBundleLock vim-fugitive fbeb9d679387b90a312802d919d66e37b82618a9
NeoBundleLock vim-gitgutter 1d422b9f98194e38bc56e54192c9bc66d95c21f1
NeoBundleLock vim-instant-markdown 5f592bdb0288710205176f189c3203fd40a6ee2e
NeoBundleLock vim-javascript 50c135735611946707d04757fdc0cde5537659ae
NeoBundleLock vim-jsx ffc0bfd9da15d0fce02d117b843f718160f7ad27
NeoBundleLock vim-markdown 7cf3110578a084ddf57d97e9abd1ac3d2f28c63d
NeoBundleLock vim-polymer b8ef80a5c56fbc2df1e14b50b65a694a3e64d7b6
NeoBundleLock vim-repeat 43d2678fa59d068c815d8298331c195e850ff5a7
NeoBundleLock vim-surround 597068870b8f093a8b2d11536c62ff31222ee8d0
NeoBundleLock vim-unimpaired b3f0f752d7563d24753b23698d073632267af3d1
NeoBundleLock vim-vinegar c38ea2195a43747aedf0bb4b7eb5aa8870260296
NeoBundleLock vimtex cf6ac500f45d7cce4a52d6bdb4ecbec811922fbc
NeoBundleLock yats e95d5895988a5f7c5c130ea6697a7cc73f5e4ad9
